
Microsoft Visual Studio Solution File, Format Version 12.00
# Visual Studio Version 16
VisualStudioVersion = 16.0.30114.105
MinimumVisualStudioVersion = 10.0.40219.1
Project("{FAE04EC0-301F-11D3-BF4B-00C04F79EFBC}") = "Movies.Client", "Movies.Client\Movies.Client.csproj", "{CAADC1F4-7840-46E1-9782-F86BDD78778C}"
EndProject
Project("{FAE04EC0-301F-11D3-BF4B-00C04F79EFBC}") = "Movies.API", "Movies.API\Movies.API.csproj", "{8646FC13-2102-4D83-BF24-2CE74239D3B3}"
EndProject
Global
	GlobalSection(SolutionConfigurationPlatforms) = preSolution
		Debug|Any CPU = Debug|Any CPU
		Release|Any CPU = Release|Any CPU
	EndGlobalSection
	GlobalSection(SolutionProperties) = preSolution
		HideSolutionNode = FALSE
	EndGlobalSection
	GlobalSection(ProjectConfigurationPlatforms) = postSolution
		{CAADC1F4-7840-46E1-9782-F86BDD78778C}.Debug|Any CPU.ActiveCfg = Debug|Any CPU
		{CAADC1F4-7840-46E1-9782-F86BDD78778C}.Debug|Any CPU.Build.0 = Debug|Any CPU
		{CAADC1F4-7840-46E1-9782-F86BDD78778C}.Release|Any CPU.ActiveCfg = Release|Any CPU
		{CAADC1F4-7840-46E1-9782-F86BDD78778C}.Release|Any CPU.Build.0 = Release|Any CPU
		{8646FC13-2102-4D83-BF24-2CE74239D3B3}.Debug|Any CPU.ActiveCfg = Debug|Any CPU
		{8646FC13-2102-4D83-BF24-2CE74239D3B3}.Debug|Any CPU.Build.0 = Debug|Any CPU
		{8646FC13-2102-4D83-BF24-2CE74239D3B3}.Release|Any CPU.ActiveCfg = Release|Any CPU
		{8646FC13-2102-4D83-BF24-2CE74239D3B3}.Release|Any CPU.Build.0 = Release|Any CPU
	EndGlobalSection
EndGlobal
